// !$*UTF8*$!
{
	archiveVersion = 1;
	classes = {
	};
	objectVersion = 56;
	objects = {

/* Begin PBXBuildFile section */
		B6D543BA2C7BF96E00C9D14C /* StealthApp.swift in Sources */ = {isa = PBXBuildFile; fileRef = B6D543B92C7BF96E00C9D14C /* StealthApp.swift */; };
		B6D543BC2C7BF96E00C9D14C /* ContentView.swift in Sources */ = {isa = PBXBuildFile; fileRef = B6D543BB2C7BF96E00C9D14C /* ContentView.swift */; };
		B6D543BE2C7BF96E00C9D14C /* Assets.xcassets in Resources */ = {isa = PBXBuildFile; fileRef = B6D543BD2C7BF96E00C9D14C /* Assets.xcassets */; };
		B6D543C12C7BF96E00C9D14C /* Preview Assets.xcassets in Resources */ = {isa = PBXBuildFile; fileRef = B6D543C02C7BF96E00C9D14C /* Preview Assets.xcassets */; };
		B6D543D22C7BFACB00C9D14C /* OnboardingConstants.swift in Sources */ = {isa = PBXBuildFile; fileRef = B6D543D12C7BFACB00C9D14C /* OnboardingConstants.swift */; };
		B6D543D42C7BFB9C00C9D14C /* HexColor.swift in Sources */ = {isa = PBXBuildFile; fileRef = B6D543D32C7BFB9C00C9D14C /* HexColor.swift */; };
		B6D543D72C7BFD7600C9D14C /* AppStorageConstants.swift in Sources */ = {isa = PBXBuildFile; fileRef = B6D543D62C7BFD7600C9D14C /* AppStorageConstants.swift */; };
		B6D543DA2C7BFE5100C9D14C /* HomeView.swift in Sources */ = {isa = PBXBuildFile; fileRef = B6D543D92C7BFE5100C9D14C /* HomeView.swift */; };
		B6D543DD2C7BFE6500C9D14C /* OnboardingView.swift in Sources */ = {isa = PBXBuildFile; fileRef = B6D543DC2C7BFE6500C9D14C /* OnboardingView.swift */; };
		B6D543DF2C7BFED200C9D14C /* TopographyPattern.swift in Sources */ = {isa = PBXBuildFile; fileRef = B6D543DE2C7BFED200C9D14C /* TopographyPattern.swift */; };
		B6D543E12C7C01E700C9D14C /* AlignmentExtension.swift in Sources */ = {isa = PBXBuildFile; fileRef = B6D543E02C7C01E700C9D14C /* AlignmentExtension.swift */; };
		B6D543E42C7C024000C9D14C /* FrameAlignment.swift in Sources */ = {isa = PBXBuildFile; fileRef = B6D543E32C7C024000C9D14C /* FrameAlignment.swift */; };
		B6D543E72C7C04DD00C9D14C /* CapsuleButton.swift in Sources */ = {isa = PBXBuildFile; fileRef = B6D543E62C7C04DD00C9D14C /* CapsuleButton.swift */; };
		B6D543E92C7C060C00C9D14C /* TextColors.swift in Sources */ = {isa = PBXBuildFile; fileRef = B6D543E82C7C060C00C9D14C /* TextColors.swift */; };
		B6D543EB2C7C090800C9D14C /* ContentSizeCategory.swift in Sources */ = {isa = PBXBuildFile; fileRef = B6D543EA2C7C090800C9D14C /* ContentSizeCategory.swift */; };
		B6D543EE2C7C1D9D00C9D14C /* SignInSheet.swift in Sources */ = {isa = PBXBuildFile; fileRef = B6D543ED2C7C1D9D00C9D14C /* SignInSheet.swift */; };
		B6D543F12C7C2A8300C9D14C /* Launch Screen.storyboard in Resources */ = {isa = PBXBuildFile; fileRef = B6D543F02C7C2A8300C9D14C /* Launch Screen.storyboard */; };
/* End PBXBuildFile section */

/* Begin PBXFileReference section */
		B6D543B62C7BF96E00C9D14C /* Stealth.app */ = {isa = PBXFileReference; explicitFileType = wrapper.application; includeInIndex = 0; path = Stealth.app; sourceTree = BUILT_PRODUCTS_DIR; };
		B6D543B92C7BF96E00C9D14C /* StealthApp.swift */ = {isa = PBXFileReference; lastKnownFileType = sourcecode.swift; path = StealthApp.swift; sourceTree = "<group>"; };
		B6D543BB2C7BF96E00C9D14C /* ContentView.swift */ = {isa = PBXFileReference; lastKnownFileType = sourcecode.swift; path = ContentView.swift; sourceTree = "<group>"; };
		B6D543BD2C7BF96E00C9D14C /* Assets.xcassets */ = {isa = PBXFileReference; lastKnownFileType = folder.assetcatalog; path = Assets.xcassets; sourceTree = "<group>"; };
		B6D543C02C7BF96E00C9D14C /* Preview Assets.xcassets */ = {isa = PBXFileReference; lastKnownFileType = folder.assetcatalog; path = "Preview Assets.xcassets"; sourceTree = "<group>"; };
		B6D543D12C7BFACB00C9D14C /* OnboardingConstants.swift */ = {isa = PBXFileReference; lastKnownFileType = sourcecode.swift; path = OnboardingConstants.swift; sourceTree = "<group>"; };
		B6D543D32C7BFB9C00C9D14C /* HexColor.swift */ = {isa = PBXFileReference; lastKnownFileType = sourcecode.swift; path = HexColor.swift; sourceTree = "<group>"; };
		B6D543D62C7BFD7600C9D14C /* AppStorageConstants.swift */ = {isa = PBXFileReference; lastKnownFileType = sourcecode.swift; path = AppStorageConstants.swift; sourceTree = "<group>"; };
		B6D543D92C7BFE5100C9D14C /* HomeView.swift */ = {isa = PBXFileReference; lastKnownFileType = sourcecode.swift; path = HomeView.swift; sourceTree = "<group>"; };
		B6D543DC2C7BFE6500C9D14C /* OnboardingView.swift */ = {isa = PBXFileReference; lastKnownFileType = sourcecode.swift; path = OnboardingView.swift; sourceTree = "<group>"; };
		B6D543DE2C7BFED200C9D14C /* TopographyPattern.swift */ = {isa = PBXFileReference; lastKnownFileType = sourcecode.swift; path = TopographyPattern.swift; sourceTree = "<group>"; };
		B6D543E02C7C01E700C9D14C /* AlignmentExtension.swift */ = {isa = PBXFileReference; lastKnownFileType = sourcecode.swift; path = AlignmentExtension.swift; sourceTree = "<group>"; };
		B6D543E32C7C024000C9D14C /* FrameAlignment.swift */ = {isa = PBXFileReference; lastKnownFileType = sourcecode.swift; path = FrameAlignment.swift; sourceTree = "<group>"; };
		B6D543E62C7C04DD00C9D14C /* CapsuleButton.swift */ = {isa = PBXFileReference; lastKnownFileType = sourcecode.swift; path = CapsuleButton.swift; sourceTree = "<group>"; };
		B6D543E82C7C060C00C9D14C /* TextColors.swift */ = {isa = PBXFileReference; lastKnownFileType = sourcecode.swift; path = TextColors.swift; sourceTree = "<group>"; };
		B6D543EA2C7C090800C9D14C /* ContentSizeCategory.swift */ = {isa = PBXFileReference; lastKnownFileType = sourcecode.swift; path = ContentSizeCategory.swift; sourceTree = "<group>"; };
		B6D543ED2C7C1D9D00C9D14C /* SignInSheet.swift */ = {isa = PBXFileReference; lastKnownFileType = sourcecode.swift; path = SignInSheet.swift; sourceTree = "<group>"; };
		B6D543F02C7C2A8300C9D14C /* Launch Screen.storyboard */ = {isa = PBXFileReference; lastKnownFileType = file.storyboard; path = "Launch Screen.storyboard"; sourceTree = "<group>"; };
/* End PBXFileReference section */

/* Begin PBXFrameworksBuildPhase section */
		B6D543B32C7BF96E00C9D14C /* Frameworks */ = {
			isa = PBXFrameworksBuildPhase;
			buildActionMask = 2147483647;
			files = (
			);
			runOnlyForDeploymentPostprocessing = 0;
		};
/* End PBXFrameworksBuildPhase section */

/* Begin PBXGroup section */
		B6D543AD2C7BF96E00C9D14C = {
			isa = PBXGroup;
			children = (
				B6D543B82C7BF96E00C9D14C /* Stealth */,
				B6D543B72C7BF96E00C9D14C /* Products */,
			);
			sourceTree = "<group>";
		};
		B6D543B72C7BF96E00C9D14C /* Products */ = {
			isa = PBXGroup;
			children = (
				B6D543B62C7BF96E00C9D14C /* Stealth.app */,
			);
			name = Products;
			sourceTree = "<group>";
		};
		B6D543B82C7BF96E00C9D14C /* Stealth */ = {
			isa = PBXGroup;
			children = (
				B6D543CC2C7BFA2300C9D14C /* App */,
				B6D543CB2C7BFA1F00C9D14C /* Core */,
				B6D543D02C7BFAB600C9D14C /* Constants */,
				B6D543E22C7C022700C9D14C /* Enums */,
				B6D543CA2C7BFA1B00C9D14C /* Extensions */,
				B6D543C92C7BFA1700C9D14C /* Fonts */,
				B6D543C82C7BFA1400C9D14C /* Services */,
				B6D543C72C7BFA0D00C9D14C /* Utils */,
				B6D543BD2C7BF96E00C9D14C /* Assets.xcassets */,
				B6D543BF2C7BF96E00C9D14C /* Preview Content */,
			);
			path = Stealth;
			sourceTree = "<group>";
		};
		B6D543BF2C7BF96E00C9D14C /* Preview Content */ = {
			isa = PBXGroup;
			children = (
				B6D543C02C7BF96E00C9D14C /* Preview Assets.xcassets */,
			);
			path = "Preview Content";
			sourceTree = "<group>";
		};
		B6D543C72C7BFA0D00C9D14C /* Utils */ = {
			isa = PBXGroup;
			children = (
			);
			path = Utils;
			sourceTree = "<group>";
		};
		B6D543C82C7BFA1400C9D14C /* Services */ = {
			isa = PBXGroup;
			children = (
			);
			path = Services;
			sourceTree = "<group>";
		};
		B6D543C92C7BFA1700C9D14C /* Fonts */ = {
			isa = PBXGroup;
			children = (
			);
			path = Fonts;
			sourceTree = "<group>";
		};
		B6D543CA2C7BFA1B00C9D14C /* Extensions */ = {
			isa = PBXGroup;
			children = (
				B6D543D32C7BFB9C00C9D14C /* HexColor.swift */,
				B6D543E02C7C01E700C9D14C /* AlignmentExtension.swift */,
				B6D543EA2C7C090800C9D14C /* ContentSizeCategory.swift */,
			);
			path = Extensions;
			sourceTree = "<group>";
		};
		B6D543CB2C7BFA1F00C9D14C /* Core */ = {
			isa = PBXGroup;
			children = (
				B6D543CD2C7BFA2600C9D14C /* Root */,
				B6D543CE2C7BFA2900C9D14C /* Views */,
			);
			path = Core;
			sourceTree = "<group>";
		};
		B6D543CC2C7BFA2300C9D14C /* App */ = {
			isa = PBXGroup;
			children = (
				B6D543B92C7BF96E00C9D14C /* StealthApp.swift */,
			);
			path = App;
			sourceTree = "<group>";
		};
		B6D543CD2C7BFA2600C9D14C /* Root */ = {
			isa = PBXGroup;
			children = (
				B6D543BB2C7BF96E00C9D14C /* ContentView.swift */,
			);
			path = Root;
			sourceTree = "<group>";
		};
		B6D543CE2C7BFA2900C9D14C /* Views */ = {
			isa = PBXGroup;
			children = (
				B6D543EF2C7C2A7200C9D14C /* LaunchScreen */,
				B6D543EC2C7C1D9300C9D14C /* Auth */,
				B6D543DB2C7BFE5400C9D14C /* Onboarding */,
				B6D543D82C7BFE4900C9D14C /* Home */,
			);
			path = Views;
			sourceTree = "<group>";
		};
		B6D543D02C7BFAB600C9D14C /* Constants */ = {
			isa = PBXGroup;
			children = (
				B6D543D52C7BFD6300C9D14C /* AppStorageKeys */,
				B6D543D12C7BFACB00C9D14C /* OnboardingConstants.swift */,
			);
			path = Constants;
			sourceTree = "<group>";
		};
		B6D543D52C7BFD6300C9D14C /* AppStorageKeys */ = {
			isa = PBXGroup;
			children = (
				B6D543D62C7BFD7600C9D14C /* AppStorageConstants.swift */,
			);
			path = AppStorageKeys;
			sourceTree = "<group>";
		};
		B6D543D82C7BFE4900C9D14C /* Home */ = {
			isa = PBXGroup;
			children = (
				B6D543D92C7BFE5100C9D14C /* HomeView.swift */,
			);
			path = Home;
			sourceTree = "<group>";
		};
		B6D543DB2C7BFE5400C9D14C /* Onboarding */ = {
			isa = PBXGroup;
			children = (
				B6D543E52C7C04CE00C9D14C /* Components */,
				B6D543DC2C7BFE6500C9D14C /* OnboardingView.swift */,
			);
			path = Onboarding;
			sourceTree = "<group>";
		};
		B6D543E22C7C022700C9D14C /* Enums */ = {
			isa = PBXGroup;
			children = (
				B6D543E32C7C024000C9D14C /* FrameAlignment.swift */,
				B6D543E82C7C060C00C9D14C /* TextColors.swift */,
			);
			path = Enums;
			sourceTree = "<group>";
		};
		B6D543E52C7C04CE00C9D14C /* Components */ = {
			isa = PBXGroup;
			children = (
				B6D543DE2C7BFED200C9D14C /* TopographyPattern.swift */,
				B6D543E62C7C04DD00C9D14C /* CapsuleButton.swift */,
			);
			path = Components;
			sourceTree = "<group>";
		};
		B6D543EC2C7C1D9300C9D14C /* Auth */ = {
			isa = PBXGroup;
			children = (
				B6D543ED2C7C1D9D00C9D14C /* SignInSheet.swift */,
			);
			path = Auth;
			sourceTree = "<group>";
		};
		B6D543EF2C7C2A7200C9D14C /* LaunchScreen */ = {
			isa = PBXGroup;
			children = (
				B6D543F02C7C2A8300C9D14C /* Launch Screen.storyboard */,
			);
			path = LaunchScreen;
			sourceTree = "<group>";
		};
/* End PBXGroup section */

/* Begin PBXNativeTarget section */
		B6D543B52C7BF96E00C9D14C /* Stealth */ = {
			isa = PBXNativeTarget;
			buildConfigurationList = B6D543C42C7BF96E00C9D14C /* Build configuration list for PBXNativeTarget "Stealth" */;
			buildPhases = (
				B6D543B22C7BF96E00C9D14C /* Sources */,
				B6D543B32C7BF96E00C9D14C /* Frameworks */,
				B6D543B42C7BF96E00C9D14C /* Resources */,
			);
			buildRules = (
			);
			dependencies = (
			);
			name = Stealth;
			productName = Stealth;
			productReference = B6D543B62C7BF96E00C9D14C /* Stealth.app */;
			productType = "com.apple.product-type.application";
		};
/* End PBXNativeTarget section */

/* Begin PBXProject section */
		B6D543AE2C7BF96E00C9D14C /* Project object */ = {
			isa = PBXProject;
			attributes = {
				BuildIndependentTargetsInParallel = 1;
				LastSwiftUpdateCheck = 1540;
				LastUpgradeCheck = 1540;
				TargetAttributes = {
					B6D543B52C7BF96E00C9D14C = {
						CreatedOnToolsVersion = 15.4;
					};
				};
			};
			buildConfigurationList = B6D543B12C7BF96E00C9D14C /* Build configuration list for PBXProject "Stealth" */;
			compatibilityVersion = "Xcode 14.0";
			developmentRegion = en;
			hasScannedForEncodings = 0;
			knownRegions = (
				en,
				Base,
			);
			mainGroup = B6D543AD2C7BF96E00C9D14C;
			productRefGroup = B6D543B72C7BF96E00C9D14C /* Products */;
			projectDirPath = "";
			projectRoot = "";
			targets = (
				B6D543B52C7BF96E00C9D14C /* Stealth */,
			);
		};
/* End PBXProject section */

/* Begin PBXResourcesBuildPhase section */
		B6D543B42C7BF96E00C9D14C /* Resources */ = {
			isa = PBXResourcesBuildPhase;
			buildActionMask = 2147483647;
			files = (
				B6D543F12C7C2A8300C9D14C /* Launch Screen.storyboard in Resources */,
				B6D543C12C7BF96E00C9D14C /* Preview Assets.xcassets in Resources */,
				B6D543BE2C7BF96E00C9D14C /* Assets.xcassets in Resources */,
			);
			runOnlyForDeploymentPostprocessing = 0;
		};
/* End PBXResourcesBuildPhase section */

/* Begin PBXSourcesBuildPhase section */
		B6D543B22C7BF96E00C9D14C /* Sources */ = {
			isa = PBXSourcesBuildPhase;
			buildActionMask = 2147483647;
			files = (
				B6D543D22C7BFACB00C9D14C /* OnboardingConstants.swift in Sources */,
				B6D543E92C7C060C00C9D14C /* TextColors.swift in Sources */,
				B6D543D42C7BFB9C00C9D14C /* HexColor.swift in Sources */,
				B6D543BC2C7BF96E00C9D14C /* ContentView.swift in Sources */,
				B6D543DA2C7BFE5100C9D14C /* HomeView.swift in Sources */,
				B6D543D72C7BFD7600C9D14C /* AppStorageConstants.swift in Sources */,
				B6D543DF2C7BFED200C9D14C /* TopographyPattern.swift in Sources */,
				B6D543BA2C7BF96E00C9D14C /* StealthApp.swift in Sources */,
				B6D543E42C7C024000C9D14C /* FrameAlignment.swift in Sources */,
				B6D543EE2C7C1D9D00C9D14C /* SignInSheet.swift in Sources */,
				B6D543E72C7C04DD00C9D14C /* CapsuleButton.swift in Sources */,
				B6D543EB2C7C090800C9D14C /* ContentSizeCategory.swift in Sources */,
				B6D543DD2C7BFE6500C9D14C /* OnboardingView.swift in Sources */,
				B6D543E12C7C01E700C9D14C /* AlignmentExtension.swift in Sources */,
			);
			runOnlyForDeploymentPostprocessing = 0;
		};
/* End PBXSourcesBuildPhase section */

/* Begin XCBuildConfiguration section */
		B6D543C22C7BF96E00C9D14C /* Debug */ = {
			isa = XCBuildConfiguration;
			buildSettings = {
				ALWAYS_SEARCH_USER_PATHS = NO;
				ASSETCATALOG_COMPILER_GENERATE_SWIFT_ASSET_SYMBOL_EXTENSIONS = YES;
				CLANG_ANALYZER_NONNULL = YES;
				CLANG_ANALYZER_NUMBER_OBJECT_CONVERSION = YES_AGGRESSIVE;
				CLANG_CXX_LANGUAGE_STANDARD = "gnu++20";
				CLANG_ENABLE_MODULES = YES;
				CLANG_ENABLE_OBJC_ARC = YES;
				CLANG_ENABLE_OBJC_WEAK = YES;
				CLANG_WARN_BLOCK_CAPTURE_AUTORELEASING = YES;
				CLANG_WARN_BOOL_CONVERSION = YES;
				CLANG_WARN_COMMA = YES;
				CLANG_WARN_CONSTANT_CONVERSION = YES;
				CLANG_WARN_DEPRECATED_OBJC_IMPLEMENTATIONS = YES;
				CLANG_WARN_DIRECT_OBJC_ISA_USAGE = YES_ERROR;
				CLANG_WARN_DOCUMENTATION_COMMENTS = YES;
				CLANG_WARN_EMPTY_BODY = YES;
				CLANG_WARN_ENUM_CONVERSION = YES;
				CLANG_WARN_INFINITE_RECURSION = YES;
				CLANG_WARN_INT_CONVERSION = YES;
				CLANG_WARN_NON_LITERAL_NULL_CONVERSION = YES;
				CLANG_WARN_OBJC_IMPLICIT_RETAIN_SELF = YES;
				CLANG_WARN_OBJC_LITERAL_CONVERSION = YES;
				CLANG_WARN_OBJC_ROOT_CLASS = YES_ERROR;
				CLANG_WARN_QUOTED_INCLUDE_IN_FRAMEWORK_HEADER = YES;
				CLANG_WARN_RANGE_LOOP_ANALYSIS = YES;
				CLANG_WARN_STRICT_PROTOTYPES = YES;
				CLANG_WARN_SUSPICIOUS_MOVE = YES;
				CLANG_WARN_UNGUARDED_AVAILABILITY = YES_AGGRESSIVE;
				CLANG_WARN_UNREACHABLE_CODE = YES;
				CLANG_WARN__DUPLICATE_METHOD_MATCH = YES;
				COPY_PHASE_STRIP = NO;
				DEBUG_INFORMATION_FORMAT = dwarf;
				ENABLE_STRICT_OBJC_MSGSEND = YES;
				ENABLE_TESTABILITY = YES;
				ENABLE_USER_SCRIPT_SANDBOXING = YES;
				GCC_C_LANGUAGE_STANDARD = gnu17;
				GCC_DYNAMIC_NO_PIC = NO;
				GCC_NO_COMMON_BLOCKS = YES;
				GCC_OPTIMIZATION_LEVEL = 0;
				GCC_PREPROCESSOR_DEFINITIONS = (
					"DEBUG=1",
					"$(inherited)",
				);
				GCC_WARN_64_TO_32_BIT_CONVERSION = YES;
				GCC_WARN_ABOUT_RETURN_TYPE = YES_ERROR;
				GCC_WARN_UNDECLARED_SELECTOR = YES;
				GCC_WARN_UNINITIALIZED_AUTOS = YES_AGGRESSIVE;
				GCC_WARN_UNUSED_FUNCTION = YES;
				GCC_WARN_UNUSED_VARIABLE = YES;
				IPHONEOS_DEPLOYMENT_TARGET = 17.5;
				LOCALIZATION_PREFERS_STRING_CATALOGS = YES;
				MTL_ENABLE_DEBUG_INFO = INCLUDE_SOURCE;
				MTL_FAST_MATH = YES;
				ONLY_ACTIVE_ARCH = YES;
				SDKROOT = iphoneos;
				SWIFT_ACTIVE_COMPILATION_CONDITIONS = "DEBUG $(inherited)";
				SWIFT_OPTIMIZATION_LEVEL = "-Onone";
			};
			name = Debug;
		};
		B6D543C32C7BF96E00C9D14C /* Release */ = {
			isa = XCBuildConfiguration;
			buildSettings = {
				ALWAYS_SEARCH_USER_PATHS = NO;
				ASSETCATALOG_COMPILER_GENERATE_SWIFT_ASSET_SYMBOL_EXTENSIONS = YES;
				CLANG_ANALYZER_NONNULL = YES;
				CLANG_ANALYZER_NUMBER_OBJECT_CONVERSION = YES_AGGRESSIVE;
				CLANG_CXX_LANGUAGE_STANDARD = "gnu++20";
				CLANG_ENABLE_MODULES = YES;
				CLANG_ENABLE_OBJC_ARC = YES;
				CLANG_ENABLE_OBJC_WEAK = YES;
				CLANG_WARN_BLOCK_CAPTURE_AUTORELEASING = YES;
				CLANG_WARN_BOOL_CONVERSION = YES;
				CLANG_WARN_COMMA = YES;
				CLANG_WARN_CONSTANT_CONVERSION = YES;
				CLANG_WARN_DEPRECATED_OBJC_IMPLEMENTATIONS = YES;
				CLANG_WARN_DIRECT_OBJC_ISA_USAGE = YES_ERROR;
				CLANG_WARN_DOCUMENTATION_COMMENTS = YES;
				CLANG_WARN_EMPTY_BODY = YES;
				CLANG_WARN_ENUM_CONVERSION = YES;
				CLANG_WARN_INFINITE_RECURSION = YES;
				CLANG_WARN_INT_CONVERSION = YES;
				CLANG_WARN_NON_LITERAL_NULL_CONVERSION = YES;
				CLANG_WARN_OBJC_IMPLICIT_RETAIN_SELF = YES;
				CLANG_WARN_OBJC_LITERAL_CONVERSION = YES;
				CLANG_WARN_OBJC_ROOT_CLASS = YES_ERROR;
				CLANG_WARN_QUOTED_INCLUDE_IN_FRAMEWORK_HEADER = YES;
				CLANG_WARN_RANGE_LOOP_ANALYSIS = YES;
				CLANG_WARN_STRICT_PROTOTYPES = YES;
				CLANG_WARN_SUSPICIOUS_MOVE = YES;
				CLANG_WARN_UNGUARDED_AVAILABILITY = YES_AGGRESSIVE;
				CLANG_WARN_UNREACHABLE_CODE = YES;
				CLANG_WARN__DUPLICATE_METHOD_MATCH = YES;
				COPY_PHASE_STRIP = NO;
				DEBUG_INFORMATION_FORMAT = "dwarf-with-dsym";
				ENABLE_NS_ASSERTIONS = NO;
				ENABLE_STRICT_OBJC_MSGSEND = YES;
				ENABLE_USER_SCRIPT_SANDBOXING = YES;
				GCC_C_LANGUAGE_STANDARD = gnu17;
				GCC_NO_COMMON_BLOCKS = YES;
				GCC_WARN_64_TO_32_BIT_CONVERSION = YES;
				GCC_WARN_ABOUT_RETURN_TYPE = YES_ERROR;
				GCC_WARN_UNDECLARED_SELECTOR = YES;
				GCC_WARN_UNINITIALIZED_AUTOS = YES_AGGRESSIVE;
				GCC_WARN_UNUSED_FUNCTION = YES;
				GCC_WARN_UNUSED_VARIABLE = YES;
				IPHONEOS_DEPLOYMENT_TARGET = 17.5;
				LOCALIZATION_PREFERS_STRING_CATALOGS = YES;
				MTL_ENABLE_DEBUG_INFO = NO;
				MTL_FAST_MATH = YES;
				SDKROOT = iphoneos;
				SWIFT_COMPILATION_MODE = wholemodule;
				VALIDATE_PRODUCT = YES;
			};
			name = Release;
		};
		B6D543C52C7BF96E00C9D14C /* Debug */ = {
			isa = XCBuildConfiguration;
			buildSettings = {
				ASSETCATALOG_COMPILER_APPICON_NAME = AppIcon;
				ASSETCATALOG_COMPILER_GLOBAL_ACCENT_COLOR_NAME = AccentColor;
				CODE_SIGN_STYLE = Automatic;
				CURRENT_PROJECT_VERSION = 1;
				DEVELOPMENT_ASSET_PATHS = "\"Stealth/Preview Content\"";
				DEVELOPMENT_TEAM = 54A43ZB7KT;
				ENABLE_PREVIEWS = YES;
				GENERATE_INFOPLIST_FILE = YES;
				INFOPLIST_KEY_UIApplicationSceneManifest_Generation = YES;
				INFOPLIST_KEY_UIApplicationSupportsIndirectInputEvents = YES;
				INFOPLIST_KEY_UILaunchScreen_Generation = YES;
				INFOPLIST_KEY_UISupportedInterfaceOrientations_iPad = "UIInterfaceOrientationPortrait UIInterfaceOrientationPortraitUpsideDown UIInterfaceOrientationLandscapeLeft UIInterfaceOrientationLandscapeRight";
				INFOPLIST_KEY_UISupportedInterfaceOrientations_iPhone = "UIInterfaceOrientationPortrait UIInterfaceOrientationLandscapeLeft UIInterfaceOrientationLandscapeRight";
				LD_RUNPATH_SEARCH_PATHS = (
					"$(inherited)",
					"@executable_path/Frameworks",
				);
				MARKETING_VERSION = 1.0;
				PRODUCT_BUNDLE_IDENTIFIER = com.rohitmanivel.Stealth;
				PRODUCT_NAME = "$(TARGET_NAME)";
				SWIFT_EMIT_LOC_STRINGS = YES;
				SWIFT_VERSION = 5.0;
				TARGETED_DEVICE_FAMILY = "1,2";
			};
			name = Debug;
		};
		B6D543C62C7BF96E00C9D14C /* Release */ = {
			isa = XCBuildConfiguration;
			buildSettings = {
				ASSETCATALOG_COMPILER_APPICON_NAME = AppIcon;
				ASSETCATALOG_COMPILER_GLOBAL_ACCENT_COLOR_NAME = AccentColor;
				CODE_SIGN_STYLE = Automatic;
				CURRENT_PROJECT_VERSION = 1;
				DEVELOPMENT_ASSET_PATHS = "\"Stealth/Preview Content\"";
				DEVELOPMENT_TEAM = 54A43ZB7KT;
				ENABLE_PREVIEWS = YES;
				GENERATE_INFOPLIST_FILE = YES;
				INFOPLIST_KEY_UIApplicationSceneManifest_Generation = YES;
				INFOPLIST_KEY_UIApplicationSupportsIndirectInputEvents = YES;
				INFOPLIST_KEY_UILaunchScreen_Generation = YES;
				INFOPLIST_KEY_UISupportedInterfaceOrientations_iPad = "UIInterfaceOrientationPortrait UIInterfaceOrientationPortraitUpsideDown UIInterfaceOrientationLandscapeLeft UIInterfaceOrientationLandscapeRight";
				INFOPLIST_KEY_UISupportedInterfaceOrientations_iPhone = "UIInterfaceOrientationPortrait UIInterfaceOrientationLandscapeLeft UIInterfaceOrientationLandscapeRight";
				LD_RUNPATH_SEARCH_PATHS = (
					"$(inherited)",
					"@executable_path/Frameworks",
				);
				MARKETING_VERSION = 1.0;
				PRODUCT_BUNDLE_IDENTIFIER = com.rohitmanivel.Stealth;
				PRODUCT_NAME = "$(TARGET_NAME)";
				SWIFT_EMIT_LOC_STRINGS = YES;
				SWIFT_VERSION = 5.0;
				TARGETED_DEVICE_FAMILY = "1,2";
			};
			name = Release;
		};
/* End XCBuildConfiguration section */

/* Begin XCConfigurationList section */
		B6D543B12C7BF96E00C9D14C /* Build configuration list for PBXProject "Stealth" */ = {
			isa = XCConfigurationList;
			buildConfigurations = (
				B6D543C22C7BF96E00C9D14C /* Debug */,
				B6D543C32C7BF96E00C9D14C /* Release */,
			);
			defaultConfigurationIsVisible = 0;
			defaultConfigurationName = Release;
		};
		B6D543C42C7BF96E00C9D14C /* Build configuration list for PBXNativeTarget "Stealth" */ = {
			isa = XCConfigurationList;
			buildConfigurations = (
				B6D543C52C7BF96E00C9D14C /* Debug */,
				B6D543C62C7BF96E00C9D14C /* Release */,
			);
			defaultConfigurationIsVisible = 0;
			defaultConfigurationName = Release;
		};
/* End XCConfigurationList section */
	};
	rootObject = B6D543AE2C7BF96E00C9D14C /* Project object */;
}
