// !$*UTF8*$!
{
	archiveVersion = 1;
	classes = {
	};
	objectVersion = 71;
	objects = {

/* Begin PBXBuildFile section */
		B640DAA62C82823D00D76F98 /* OptionsSheet.swift in Sources */ = {isa = PBXBuildFile; fileRef = B640DAA52C82823D00D76F98 /* OptionsSheet.swift */; };
		B66047112C80655500C8061F /* SignupSheet.swift in Sources */ = {isa = PBXBuildFile; fileRef = B66047102C80655500C8061F /* SignupSheet.swift */; };
		B66D5A642C8E4513008C9592 /* Sora.ttf in Resources */ = {isa = PBXBuildFile; fileRef = B66D5A632C8E4513008C9592 /* Sora.ttf */; };
		B66D5A6A2C8E5016008C9592 /* SignInSheetWrapper.swift in Sources */ = {isa = PBXBuildFile; fileRef = B66D5A692C8E5016008C9592 /* SignInSheetWrapper.swift */; };
		B67568992C8288CE00E0BF1F /* SignInView.swift in Sources */ = {isa = PBXBuildFile; fileRef = B67568982C8288CE00E0BF1F /* SignInView.swift */; };
		B67568A52C82B45C00E0BF1F /* ForgotPasswordView.swift in Sources */ = {isa = PBXBuildFile; fileRef = B67568A42C82B45C00E0BF1F /* ForgotPasswordView.swift */; };
		B699AF7F2C92352000269D2A /* NicknameOAuthView.swift in Sources */ = {isa = PBXBuildFile; fileRef = B699AF7E2C92352000269D2A /* NicknameOAuthView.swift */; };
		B6D3043D2C7D33000018C1FF /* Auth in Frameworks */ = {isa = PBXBuildFile; productRef = B6D3043C2C7D33000018C1FF /* Auth */; };
		B6D3043F2C7D33000018C1FF /* PostgREST in Frameworks */ = {isa = PBXBuildFile; productRef = B6D3043E2C7D33000018C1FF /* PostgREST */; };
		B6D304412C7D33000018C1FF /* Realtime in Frameworks */ = {isa = PBXBuildFile; productRef = B6D304402C7D33000018C1FF /* Realtime */; };
		B6D304432C7D33000018C1FF /* Storage in Frameworks */ = {isa = PBXBuildFile; productRef = B6D304422C7D33000018C1FF /* Storage */; };
		B6D304502C7D3C8B0018C1FF /* Auth in Frameworks */ = {isa = PBXBuildFile; productRef = B6D3044F2C7D3C8B0018C1FF /* Auth */; };
		B6D304522C7D3C8B0018C1FF /* Functions in Frameworks */ = {isa = PBXBuildFile; productRef = B6D304512C7D3C8B0018C1FF /* Functions */; };
		B6D304542C7D3C8B0018C1FF /* PostgREST in Frameworks */ = {isa = PBXBuildFile; productRef = B6D304532C7D3C8B0018C1FF /* PostgREST */; };
		B6D304562C7D3C8B0018C1FF /* Realtime in Frameworks */ = {isa = PBXBuildFile; productRef = B6D304552C7D3C8B0018C1FF /* Realtime */; };
		B6D304582C7D3C8B0018C1FF /* Storage in Frameworks */ = {isa = PBXBuildFile; productRef = B6D304572C7D3C8B0018C1FF /* Storage */; };
		B6D3045B2C7D3CBF0018C1FF /* Supabase in Frameworks */ = {isa = PBXBuildFile; productRef = B6D3045A2C7D3CBF0018C1FF /* Supabase */; };
		B6D543BA2C7BF96E00C9D14C /* StealthApp.swift in Sources */ = {isa = PBXBuildFile; fileRef = B6D543B92C7BF96E00C9D14C /* StealthApp.swift */; };
		B6D543BC2C7BF96E00C9D14C /* ContentView.swift in Sources */ = {isa = PBXBuildFile; fileRef = B6D543BB2C7BF96E00C9D14C /* ContentView.swift */; };
		B6D543BE2C7BF96E00C9D14C /* Assets.xcassets in Resources */ = {isa = PBXBuildFile; fileRef = B6D543BD2C7BF96E00C9D14C /* Assets.xcassets */; };
		B6D543C12C7BF96E00C9D14C /* Preview Assets.xcassets in Resources */ = {isa = PBXBuildFile; fileRef = B6D543C02C7BF96E00C9D14C /* Preview Assets.xcassets */; };
		B6D543D42C7BFB9C00C9D14C /* HexColor.swift in Sources */ = {isa = PBXBuildFile; fileRef = B6D543D32C7BFB9C00C9D14C /* HexColor.swift */; };
		B6D543D72C7BFD7600C9D14C /* AppStorageConstants.swift in Sources */ = {isa = PBXBuildFile; fileRef = B6D543D62C7BFD7600C9D14C /* AppStorageConstants.swift */; };
		B6D543DA2C7BFE5100C9D14C /* HomeView.swift in Sources */ = {isa = PBXBuildFile; fileRef = B6D543D92C7BFE5100C9D14C /* HomeView.swift */; };
		B6D543DD2C7BFE6500C9D14C /* OnboardingView.swift in Sources */ = {isa = PBXBuildFile; fileRef = B6D543DC2C7BFE6500C9D14C /* OnboardingView.swift */; };
		B6D543DF2C7BFED200C9D14C /* TopographyPattern.swift in Sources */ = {isa = PBXBuildFile; fileRef = B6D543DE2C7BFED200C9D14C /* TopographyPattern.swift */; };
		B6D543E12C7C01E700C9D14C /* AlignmentExtension.swift in Sources */ = {isa = PBXBuildFile; fileRef = B6D543E02C7C01E700C9D14C /* AlignmentExtension.swift */; };
		B6D543E42C7C024000C9D14C /* FrameAlignment.swift in Sources */ = {isa = PBXBuildFile; fileRef = B6D543E32C7C024000C9D14C /* FrameAlignment.swift */; };
		B6D543E72C7C04DD00C9D14C /* CapsuleButton.swift in Sources */ = {isa = PBXBuildFile; fileRef = B6D543E62C7C04DD00C9D14C /* CapsuleButton.swift */; };
		B6D543E92C7C060C00C9D14C /* TextColors.swift in Sources */ = {isa = PBXBuildFile; fileRef = B6D543E82C7C060C00C9D14C /* TextColors.swift */; };
		B6D543EB2C7C090800C9D14C /* ContentSizeCategory.swift in Sources */ = {isa = PBXBuildFile; fileRef = B6D543EA2C7C090800C9D14C /* ContentSizeCategory.swift */; };
		B6D543EE2C7C1D9D00C9D14C /* SignInSheet.swift in Sources */ = {isa = PBXBuildFile; fileRef = B6D543ED2C7C1D9D00C9D14C /* SignInSheet.swift */; };
		B6DF189A2C854C8100741B53 /* GoogleSignIn in Frameworks */ = {isa = PBXBuildFile; productRef = B6DF18992C854C8100741B53 /* GoogleSignIn */; };
		B6DF189C2C854C8100741B53 /* GoogleSignInSwift in Frameworks */ = {isa = PBXBuildFile; productRef = B6DF189B2C854C8100741B53 /* GoogleSignInSwift */; };
		B6FE87842C7D8ABE000685E0 /* AppleSignInUtils.swift in Sources */ = {isa = PBXBuildFile; fileRef = B6FE87832C7D8ABE000685E0 /* AppleSignInUtils.swift */; };
/* End PBXBuildFile section */

/* Begin PBXFileReference section */
		B640DAA52C82823D00D76F98 /* OptionsSheet.swift */ = {isa = PBXFileReference; lastKnownFileType = sourcecode.swift; path = OptionsSheet.swift; sourceTree = "<group>"; };
		B66047102C80655500C8061F /* SignupSheet.swift */ = {isa = PBXFileReference; lastKnownFileType = sourcecode.swift; path = SignupSheet.swift; sourceTree = "<group>"; };
		B66D5A632C8E4513008C9592 /* Sora.ttf */ = {isa = PBXFileReference; lastKnownFileType = file; path = Sora.ttf; sourceTree = "<group>"; };
		B66D5A692C8E5016008C9592 /* SignInSheetWrapper.swift */ = {isa = PBXFileReference; lastKnownFileType = sourcecode.swift; path = SignInSheetWrapper.swift; sourceTree = "<group>"; };
		B67568982C8288CE00E0BF1F /* SignInView.swift */ = {isa = PBXFileReference; lastKnownFileType = sourcecode.swift; path = SignInView.swift; sourceTree = "<group>"; };
		B67568A42C82B45C00E0BF1F /* ForgotPasswordView.swift */ = {isa = PBXFileReference; lastKnownFileType = sourcecode.swift; path = ForgotPasswordView.swift; sourceTree = "<group>"; };
		B699AF7E2C92352000269D2A /* NicknameOAuthView.swift */ = {isa = PBXFileReference; lastKnownFileType = sourcecode.swift; path = NicknameOAuthView.swift; sourceTree = "<group>"; };
		B6D543B62C7BF96E00C9D14C /* Stealth.app */ = {isa = PBXFileReference; explicitFileType = wrapper.application; includeInIndex = 0; path = Stealth.app; sourceTree = BUILT_PRODUCTS_DIR; };
		B6D543B92C7BF96E00C9D14C /* StealthApp.swift */ = {isa = PBXFileReference; lastKnownFileType = sourcecode.swift; path = StealthApp.swift; sourceTree = "<group>"; };
		B6D543BB2C7BF96E00C9D14C /* ContentView.swift */ = {isa = PBXFileReference; lastKnownFileType = sourcecode.swift; path = ContentView.swift; sourceTree = "<group>"; };
		B6D543BD2C7BF96E00C9D14C /* Assets.xcassets */ = {isa = PBXFileReference; lastKnownFileType = folder.assetcatalog; path = Assets.xcassets; sourceTree = "<group>"; };
		B6D543C02C7BF96E00C9D14C /* Preview Assets.xcassets */ = {isa = PBXFileReference; lastKnownFileType = folder.assetcatalog; path = "Preview Assets.xcassets"; sourceTree = "<group>"; };
		B6D543D32C7BFB9C00C9D14C /* HexColor.swift */ = {isa = PBXFileReference; lastKnownFileType = sourcecode.swift; path = HexColor.swift; sourceTree = "<group>"; };
		B6D543D62C7BFD7600C9D14C /* AppStorageConstants.swift */ = {isa = PBXFileReference; lastKnownFileType = sourcecode.swift; path = AppStorageConstants.swift; sourceTree = "<group>"; };
		B6D543D92C7BFE5100C9D14C /* HomeView.swift */ = {isa = PBXFileReference; lastKnownFileType = sourcecode.swift; path = HomeView.swift; sourceTree = "<group>"; };
		B6D543DC2C7BFE6500C9D14C /* OnboardingView.swift */ = {isa = PBXFileReference; lastKnownFileType = sourcecode.swift; path = OnboardingView.swift; sourceTree = "<group>"; };
		B6D543DE2C7BFED200C9D14C /* TopographyPattern.swift */ = {isa = PBXFileReference; lastKnownFileType = sourcecode.swift; path = TopographyPattern.swift; sourceTree = "<group>"; };
		B6D543E02C7C01E700C9D14C /* AlignmentExtension.swift */ = {isa = PBXFileReference; lastKnownFileType = sourcecode.swift; path = AlignmentExtension.swift; sourceTree = "<group>"; };
		B6D543E32C7C024000C9D14C /* FrameAlignment.swift */ = {isa = PBXFileReference; lastKnownFileType = sourcecode.swift; path = FrameAlignment.swift; sourceTree = "<group>"; };
		B6D543E62C7C04DD00C9D14C /* CapsuleButton.swift */ = {isa = PBXFileReference; lastKnownFileType = sourcecode.swift; path = CapsuleButton.swift; sourceTree = "<group>"; };
		B6D543E82C7C060C00C9D14C /* TextColors.swift */ = {isa = PBXFileReference; lastKnownFileType = sourcecode.swift; path = TextColors.swift; sourceTree = "<group>"; };
		B6D543EA2C7C090800C9D14C /* ContentSizeCategory.swift */ = {isa = PBXFileReference; lastKnownFileType = sourcecode.swift; path = ContentSizeCategory.swift; sourceTree = "<group>"; };
		B6D543ED2C7C1D9D00C9D14C /* SignInSheet.swift */ = {isa = PBXFileReference; lastKnownFileType = sourcecode.swift; path = SignInSheet.swift; sourceTree = "<group>"; };
		B6DF189D2C854D6200741B53 /* Info.plist */ = {isa = PBXFileReference; lastKnownFileType = text.plist; path = Info.plist; sourceTree = "<group>"; };
		B6FE87832C7D8ABE000685E0 /* AppleSignInUtils.swift */ = {isa = PBXFileReference; lastKnownFileType = sourcecode.swift; path = AppleSignInUtils.swift; sourceTree = "<group>"; };
		B6FE87852C7D930F000685E0 /* Stealth.entitlements */ = {isa = PBXFileReference; lastKnownFileType = text.plist.entitlements; path = Stealth.entitlements; sourceTree = "<group>"; };
/* End PBXFileReference section */

/* Begin PBXFileSystemSynchronizedBuildFileExceptionSet section */
		B67568B12C82D61200E0BF1F /* PBXFileSystemSynchronizedBuildFileExceptionSet */ = {
			isa = PBXFileSystemSynchronizedBuildFileExceptionSet;
			membershipExceptions = (
				EnvConfig.xcconfig,
			);
			target = B6D543B52C7BF96E00C9D14C /* Stealth */;
		};
/* End PBXFileSystemSynchronizedBuildFileExceptionSet section */

/* Begin PBXFileSystemSynchronizedRootGroup section */
		B6001FA32C885745001DC029 /* Preferences */ = {isa = PBXFileSystemSynchronizedRootGroup; explicitFileTypes = {}; explicitFolders = (); path = Preferences; sourceTree = "<group>"; };
		B6001FA62C8858EE001DC029 /* Preferences */ = {isa = PBXFileSystemSynchronizedRootGroup; explicitFileTypes = {}; explicitFolders = (); path = Preferences; sourceTree = "<group>"; };
		B640DAA22C81941100D76F98 /* Auth */ = {isa = PBXFileSystemSynchronizedRootGroup; explicitFileTypes = {}; explicitFolders = (); path = Auth; sourceTree = "<group>"; };
		B66D5A652C8E4612008C9592 /* CustomFonts */ = {isa = PBXFileSystemSynchronizedRootGroup; explicitFileTypes = {}; explicitFolders = (); path = CustomFonts; sourceTree = "<group>"; };
		B675689C2C82984000E0BF1F /* TextInput */ = {isa = PBXFileSystemSynchronizedRootGroup; explicitFileTypes = {}; explicitFolders = (); path = TextInput; sourceTree = "<group>"; };
		B67568A12C82AED400E0BF1F /* Views */ = {isa = PBXFileSystemSynchronizedRootGroup; explicitFileTypes = {}; explicitFolders = (); path = Views; sourceTree = "<group>"; };
		B67568A62C82B56C00E0BF1F /* StatusBar */ = {isa = PBXFileSystemSynchronizedRootGroup; explicitFileTypes = {}; explicitFolders = (); path = StatusBar; sourceTree = "<group>"; };
		B67568AB2C82CACA00E0BF1F /* FormValidations */ = {isa = PBXFileSystemSynchronizedRootGroup; explicitFileTypes = {}; explicitFolders = (); path = FormValidations; sourceTree = "<group>"; };
		B67568AE2C82CF0F00E0BF1F /* Keyboard */ = {isa = PBXFileSystemSynchronizedRootGroup; explicitFileTypes = {}; explicitFolders = (); path = Keyboard; sourceTree = "<group>"; };
		B68EDCF72C900739003FDC94 /* Toolbar */ = {isa = PBXFileSystemSynchronizedRootGroup; explicitFileTypes = {}; explicitFolders = (); path = Toolbar; sourceTree = "<group>"; };
		B68EDCFA2C9009D3003FDC94 /* Interactions */ = {isa = PBXFileSystemSynchronizedRootGroup; explicitFileTypes = {}; explicitFolders = (); path = Interactions; sourceTree = "<group>"; };
		B68EDCFD2C900A91003FDC94 /* Onboarding */ = {isa = PBXFileSystemSynchronizedRootGroup; explicitFileTypes = {}; explicitFolders = (); path = Onboarding; sourceTree = "<group>"; };
		B69095302C8E67E800FD24A0 /* AppUser */ = {isa = PBXFileSystemSynchronizedRootGroup; explicitFileTypes = {}; explicitFolders = (); path = AppUser; sourceTree = "<group>"; };
		B699AF802C925CBC00269D2A /* Crypto */ = {isa = PBXFileSystemSynchronizedRootGroup; explicitFileTypes = {}; explicitFolders = (); path = Crypto; sourceTree = "<group>"; };
		B699AF852C926F5600269D2A /* KeyChain */ = {isa = PBXFileSystemSynchronizedRootGroup; explicitFileTypes = {}; explicitFolders = (); path = KeyChain; sourceTree = "<group>"; };
		B699AF882C926F7700269D2A /* Hashing */ = {isa = PBXFileSystemSynchronizedRootGroup; explicitFileTypes = {}; explicitFolders = (); path = Hashing; sourceTree = "<group>"; };
		B699AF912C926FC500269D2A /* NetworkCalls */ = {isa = PBXFileSystemSynchronizedRootGroup; explicitFileTypes = {}; explicitFolders = (); path = NetworkCalls; sourceTree = "<group>"; };
		B6D1BBE62C80A26C004F63A5 /* Components */ = {isa = PBXFileSystemSynchronizedRootGroup; explicitFileTypes = {}; explicitFolders = (); path = Components; sourceTree = "<group>"; };
		B6D304382C7D2E9B0018C1FF /* Components */ = {isa = PBXFileSystemSynchronizedRootGroup; explicitFileTypes = {}; explicitFolders = (); path = Components; sourceTree = "<group>"; };
		B6D3044A2C7D38F00018C1FF /* Config */ = {isa = PBXFileSystemSynchronizedRootGroup; exceptions = (B67568B12C82D61200E0BF1F /* PBXFileSystemSynchronizedBuildFileExceptionSet */, ); explicitFileTypes = {}; explicitFolders = (); path = Config; sourceTree = "<group>"; };
		B6EFFDA62C8A8042004005C0 /* ToastMessage */ = {isa = PBXFileSystemSynchronizedRootGroup; explicitFileTypes = {}; explicitFolders = (); path = ToastMessage; sourceTree = "<group>"; };
		B6EFFDA92C8A82C9004005C0 /* Auth */ = {isa = PBXFileSystemSynchronizedRootGroup; explicitFileTypes = {}; explicitFolders = (); path = Auth; sourceTree = "<group>"; };
		B6EFFDAA2C8A82D7004005C0 /* Preferences */ = {isa = PBXFileSystemSynchronizedRootGroup; explicitFileTypes = {}; explicitFolders = (); path = Preferences; sourceTree = "<group>"; };
		B6EFFDAD2C8A852C004005C0 /* Auth */ = {isa = PBXFileSystemSynchronizedRootGroup; explicitFileTypes = {}; explicitFolders = (); path = Auth; sourceTree = "<group>"; };
		B6FE877E2C7D896D000685E0 /* ViewModels */ = {isa = PBXFileSystemSynchronizedRootGroup; explicitFileTypes = {}; explicitFolders = (); path = ViewModels; sourceTree = "<group>"; };
/* End PBXFileSystemSynchronizedRootGroup section */

/* Begin PBXFrameworksBuildPhase section */
		B6D543B32C7BF96E00C9D14C /* Frameworks */ = {
			isa = PBXFrameworksBuildPhase;
			buildActionMask = 2147483647;
			files = (
				B6D3045B2C7D3CBF0018C1FF /* Supabase in Frameworks */,
				B6D304522C7D3C8B0018C1FF /* Functions in Frameworks */,
				B6DF189A2C854C8100741B53 /* GoogleSignIn in Frameworks */,
				B6DF189C2C854C8100741B53 /* GoogleSignInSwift in Frameworks */,
				B6D304432C7D33000018C1FF /* Storage in Frameworks */,
				B6D304542C7D3C8B0018C1FF /* PostgREST in Frameworks */,
				B6D304562C7D3C8B0018C1FF /* Realtime in Frameworks */,
				B6D304412C7D33000018C1FF /* Realtime in Frameworks */,
				B6D3043F2C7D33000018C1FF /* PostgREST in Frameworks */,
				B6D304582C7D3C8B0018C1FF /* Storage in Frameworks */,
				B6D304502C7D3C8B0018C1FF /* Auth in Frameworks */,
				B6D3043D2C7D33000018C1FF /* Auth in Frameworks */,
			);
			runOnlyForDeploymentPostprocessing = 0;
		};
/* End PBXFrameworksBuildPhase section */

/* Begin PBXGroup section */
		B6D304592C7D3CBF0018C1FF /* Frameworks */ = {
			isa = PBXGroup;
			children = (
			);
			name = Frameworks;
			sourceTree = "<group>";
		};
		B6D543AD2C7BF96E00C9D14C = {
			isa = PBXGroup;
			children = (
				B6D543B82C7BF96E00C9D14C /* Stealth */,
				B6D304592C7D3CBF0018C1FF /* Frameworks */,
				B6D543B72C7BF96E00C9D14C /* Products */,
			);
			sourceTree = "<group>";
		};
		B6D543B72C7BF96E00C9D14C /* Products */ = {
			isa = PBXGroup;
			children = (
				B6D543B62C7BF96E00C9D14C /* Stealth.app */,
			);
			name = Products;
			sourceTree = "<group>";
		};
		B6D543B82C7BF96E00C9D14C /* Stealth */ = {
			isa = PBXGroup;
			children = (
				B6DF189D2C854D6200741B53 /* Info.plist */,
				B6FE87852C7D930F000685E0 /* Stealth.entitlements */,
				B6D543CC2C7BFA2300C9D14C /* App */,
				B6D543CB2C7BFA1F00C9D14C /* Core */,
				B6D543D02C7BFAB600C9D14C /* Constants */,
				B6D3044A2C7D38F00018C1FF /* Config */,
				B6D543E22C7C022700C9D14C /* Enums */,
				B6D543CA2C7BFA1B00C9D14C /* Extensions */,
				B6D543C92C7BFA1700C9D14C /* Fonts */,
				B6D543C82C7BFA1400C9D14C /* Services */,
				B6D543C72C7BFA0D00C9D14C /* Utils */,
				B6D543BD2C7BF96E00C9D14C /* Assets.xcassets */,
				B6D543BF2C7BF96E00C9D14C /* Preview Content */,
			);
			path = Stealth;
			sourceTree = "<group>";
		};
		B6D543BF2C7BF96E00C9D14C /* Preview Content */ = {
			isa = PBXGroup;
			children = (
				B6D543C02C7BF96E00C9D14C /* Preview Assets.xcassets */,
			);
			path = "Preview Content";
			sourceTree = "<group>";
		};
		B6D543C72C7BFA0D00C9D14C /* Utils */ = {
			isa = PBXGroup;
			children = (
				B68EDCFA2C9009D3003FDC94 /* Interactions */,
				B68EDCF72C900739003FDC94 /* Toolbar */,
				B6EFFDA62C8A8042004005C0 /* ToastMessage */,
				B6D1BBE62C80A26C004F63A5 /* Components */,
				B6FE87832C7D8ABE000685E0 /* AppleSignInUtils.swift */,
			);
			path = Utils;
			sourceTree = "<group>";
		};
		B6D543C82C7BFA1400C9D14C /* Services */ = {
			isa = PBXGroup;
			children = (
				B699AF882C926F7700269D2A /* Hashing */,
				B699AF852C926F5600269D2A /* KeyChain */,
				B699AF802C925CBC00269D2A /* Crypto */,
				B69095302C8E67E800FD24A0 /* AppUser */,
				B6EFFDAA2C8A82D7004005C0 /* Preferences */,
				B6EFFDA92C8A82C9004005C0 /* Auth */,
			);
			path = Services;
			sourceTree = "<group>";
		};
		B6D543C92C7BFA1700C9D14C /* Fonts */ = {
			isa = PBXGroup;
			children = (
				B66D5A632C8E4513008C9592 /* Sora.ttf */,
			);
			path = Fonts;
			sourceTree = "<group>";
		};
		B6D543CA2C7BFA1B00C9D14C /* Extensions */ = {
			isa = PBXGroup;
			children = (
				B66D5A652C8E4612008C9592 /* CustomFonts */,
				B6EFFDAD2C8A852C004005C0 /* Auth */,
				B67568AE2C82CF0F00E0BF1F /* Keyboard */,
				B67568AB2C82CACA00E0BF1F /* FormValidations */,
				B67568A62C82B56C00E0BF1F /* StatusBar */,
				B67568A12C82AED400E0BF1F /* Views */,
				B675689C2C82984000E0BF1F /* TextInput */,
				B6D543D32C7BFB9C00C9D14C /* HexColor.swift */,
				B6D543E02C7C01E700C9D14C /* AlignmentExtension.swift */,
				B6D543EA2C7C090800C9D14C /* ContentSizeCategory.swift */,
			);
			path = Extensions;
			sourceTree = "<group>";
		};
		B6D543CB2C7BFA1F00C9D14C /* Core */ = {
			isa = PBXGroup;
			children = (
				B6D543CD2C7BFA2600C9D14C /* Root */,
				B6D543CE2C7BFA2900C9D14C /* Views */,
				B6FE877E2C7D896D000685E0 /* ViewModels */,
			);
			path = Core;
			sourceTree = "<group>";
		};
		B6D543CC2C7BFA2300C9D14C /* App */ = {
			isa = PBXGroup;
			children = (
				B6D543B92C7BF96E00C9D14C /* StealthApp.swift */,
			);
			path = App;
			sourceTree = "<group>";
		};
		B6D543CD2C7BFA2600C9D14C /* Root */ = {
			isa = PBXGroup;
			children = (
				B6D543BB2C7BF96E00C9D14C /* ContentView.swift */,
			);
			path = Root;
			sourceTree = "<group>";
		};
		B6D543CE2C7BFA2900C9D14C /* Views */ = {
			isa = PBXGroup;
			children = (
				B6D543EC2C7C1D9300C9D14C /* Auth */,
				B6D543EF2C7C2A7200C9D14C /* LaunchScreen */,
				B6D543DB2C7BFE5400C9D14C /* Onboarding */,
				B6001FA32C885745001DC029 /* Preferences */,
				B6D543D82C7BFE4900C9D14C /* Home */,
			);
			path = Views;
			sourceTree = "<group>";
		};
		B6D543D02C7BFAB600C9D14C /* Constants */ = {
			isa = PBXGroup;
			children = (
				B699AF912C926FC500269D2A /* NetworkCalls */,
				B68EDCFD2C900A91003FDC94 /* Onboarding */,
				B6001FA62C8858EE001DC029 /* Preferences */,
				B640DAA22C81941100D76F98 /* Auth */,
				B6D543D52C7BFD6300C9D14C /* AppStorageKeys */,
			);
			path = Constants;
			sourceTree = "<group>";
		};
		B6D543D52C7BFD6300C9D14C /* AppStorageKeys */ = {
			isa = PBXGroup;
			children = (
				B6D543D62C7BFD7600C9D14C /* AppStorageConstants.swift */,
			);
			path = AppStorageKeys;
			sourceTree = "<group>";
		};
		B6D543D82C7BFE4900C9D14C /* Home */ = {
			isa = PBXGroup;
			children = (
				B6D543D92C7BFE5100C9D14C /* HomeView.swift */,
			);
			path = Home;
			sourceTree = "<group>";
		};
		B6D543DB2C7BFE5400C9D14C /* Onboarding */ = {
			isa = PBXGroup;
			children = (
				B6D543E52C7C04CE00C9D14C /* Components */,
				B6D543DC2C7BFE6500C9D14C /* OnboardingView.swift */,
			);
			path = Onboarding;
			sourceTree = "<group>";
		};
		B6D543E22C7C022700C9D14C /* Enums */ = {
			isa = PBXGroup;
			children = (
				B6D543E32C7C024000C9D14C /* FrameAlignment.swift */,
				B6D543E82C7C060C00C9D14C /* TextColors.swift */,
			);
			path = Enums;
			sourceTree = "<group>";
		};
		B6D543E52C7C04CE00C9D14C /* Components */ = {
			isa = PBXGroup;
			children = (
				B6D543DE2C7BFED200C9D14C /* TopographyPattern.swift */,
				B6D543E62C7C04DD00C9D14C /* CapsuleButton.swift */,
			);
			path = Components;
			sourceTree = "<group>";
		};
		B6D543EC2C7C1D9300C9D14C /* Auth */ = {
			isa = PBXGroup;
			children = (
				B6D304382C7D2E9B0018C1FF /* Components */,
				B6D543ED2C7C1D9D00C9D14C /* SignInSheet.swift */,
				B66047102C80655500C8061F /* SignupSheet.swift */,
				B640DAA52C82823D00D76F98 /* OptionsSheet.swift */,
				B67568982C8288CE00E0BF1F /* SignInView.swift */,
				B67568A42C82B45C00E0BF1F /* ForgotPasswordView.swift */,
				B66D5A692C8E5016008C9592 /* SignInSheetWrapper.swift */,
				B699AF7E2C92352000269D2A /* NicknameOAuthView.swift */,
			);
			path = Auth;
			sourceTree = "<group>";
		};
		B6D543EF2C7C2A7200C9D14C /* LaunchScreen */ = {
			isa = PBXGroup;
			children = (
			);
			path = LaunchScreen;
			sourceTree = "<group>";
		};
/* End PBXGroup section */

/* Begin PBXNativeTarget section */
		B6D543B52C7BF96E00C9D14C /* Stealth */ = {
			isa = PBXNativeTarget;
			buildConfigurationList = B6D543C42C7BF96E00C9D14C /* Build configuration list for PBXNativeTarget "Stealth" */;
			buildPhases = (
				B6D543B22C7BF96E00C9D14C /* Sources */,
				B6D543B32C7BF96E00C9D14C /* Frameworks */,
				B6D543B42C7BF96E00C9D14C /* Resources */,
			);
			buildRules = (
			);
			dependencies = (
			);
			fileSystemSynchronizedGroups = (
				B6001FA32C885745001DC029 /* Preferences */,
				B6001FA62C8858EE001DC029 /* Preferences */,
				B640DAA22C81941100D76F98 /* Auth */,
				B66D5A652C8E4612008C9592 /* CustomFonts */,
				B675689C2C82984000E0BF1F /* TextInput */,
				B67568A12C82AED400E0BF1F /* Views */,
				B67568A62C82B56C00E0BF1F /* StatusBar */,
				B67568AB2C82CACA00E0BF1F /* FormValidations */,
				B67568AE2C82CF0F00E0BF1F /* Keyboard */,
				B68EDCF72C900739003FDC94 /* Toolbar */,
				B68EDCFA2C9009D3003FDC94 /* Interactions */,
				B68EDCFD2C900A91003FDC94 /* Onboarding */,
				B69095302C8E67E800FD24A0 /* AppUser */,
				B699AF802C925CBC00269D2A /* Crypto */,
				B699AF852C926F5600269D2A /* KeyChain */,
				B699AF882C926F7700269D2A /* Hashing */,
				B699AF912C926FC500269D2A /* NetworkCalls */,
				B6D1BBE62C80A26C004F63A5 /* Components */,
				B6D304382C7D2E9B0018C1FF /* Components */,
				B6D3044A2C7D38F00018C1FF /* Config */,
				B6EFFDA62C8A8042004005C0 /* ToastMessage */,
				B6EFFDA92C8A82C9004005C0 /* Auth */,
				B6EFFDAA2C8A82D7004005C0 /* Preferences */,
				B6EFFDAD2C8A852C004005C0 /* Auth */,
				B6FE877E2C7D896D000685E0 /* ViewModels */,
			);
			name = Stealth;
			productName = Stealth;
			productReference = B6D543B62C7BF96E00C9D14C /* Stealth.app */;
			productType = "com.apple.product-type.application";
		};
/* End PBXNativeTarget section */

/* Begin PBXProject section */
		B6D543AE2C7BF96E00C9D14C /* Project object */ = {
			isa = PBXProject;
			attributes = {
				BuildIndependentTargetsInParallel = 1;
				LastSwiftUpdateCheck = 1540;
				LastUpgradeCheck = 1600;
				TargetAttributes = {
					B6D543B52C7BF96E00C9D14C = {
						CreatedOnToolsVersion = 15.4;
					};
				};
			};
			buildConfigurationList = B6D543B12C7BF96E00C9D14C /* Build configuration list for PBXProject "Stealth" */;
			compatibilityVersion = "Xcode 14.0";
			developmentRegion = en;
			hasScannedForEncodings = 0;
			knownRegions = (
				en,
				Base,
			);
			mainGroup = B6D543AD2C7BF96E00C9D14C;
			packageReferences = (
				B6D3043B2C7D33000018C1FF /* XCRemoteSwiftPackageReference "supabase-swift" */,
				B6DF18982C854C8100741B53 /* XCRemoteSwiftPackageReference "GoogleSignIn-iOS" */,
			);
			productRefGroup = B6D543B72C7BF96E00C9D14C /* Products */;
			projectDirPath = "";
			projectRoot = "";
			targets = (
				B6D543B52C7BF96E00C9D14C /* Stealth */,
			);
		};
/* End PBXProject section */

/* Begin PBXResourcesBuildPhase section */
		B6D543B42C7BF96E00C9D14C /* Resources */ = {
			isa = PBXResourcesBuildPhase;
			buildActionMask = 2147483647;
			files = (
				B66D5A642C8E4513008C9592 /* Sora.ttf in Resources */,
				B6D543C12C7BF96E00C9D14C /* Preview Assets.xcassets in Resources */,
				B6D543BE2C7BF96E00C9D14C /* Assets.xcassets in Resources */,
			);
			runOnlyForDeploymentPostprocessing = 0;
		};
/* End PBXResourcesBuildPhase section */

/* Begin PBXSourcesBuildPhase section */
		B6D543B22C7BF96E00C9D14C /* Sources */ = {
			isa = PBXSourcesBuildPhase;
			buildActionMask = 2147483647;
			files = (
				B66D5A6A2C8E5016008C9592 /* SignInSheetWrapper.swift in Sources */,
				B67568A52C82B45C00E0BF1F /* ForgotPasswordView.swift in Sources */,
				B6D543E92C7C060C00C9D14C /* TextColors.swift in Sources */,
				B6D543D42C7BFB9C00C9D14C /* HexColor.swift in Sources */,
				B640DAA62C82823D00D76F98 /* OptionsSheet.swift in Sources */,
				B67568992C8288CE00E0BF1F /* SignInView.swift in Sources */,
				B6D543BC2C7BF96E00C9D14C /* ContentView.swift in Sources */,
				B6D543DA2C7BFE5100C9D14C /* HomeView.swift in Sources */,
				B6D543D72C7BFD7600C9D14C /* AppStorageConstants.swift in Sources */,
				B6D543DF2C7BFED200C9D14C /* TopographyPattern.swift in Sources */,
				B6D543BA2C7BF96E00C9D14C /* StealthApp.swift in Sources */,
				B6D543E42C7C024000C9D14C /* FrameAlignment.swift in Sources */,
				B699AF7F2C92352000269D2A /* NicknameOAuthView.swift in Sources */,
				B6D543EE2C7C1D9D00C9D14C /* SignInSheet.swift in Sources */,
				B6D543E72C7C04DD00C9D14C /* CapsuleButton.swift in Sources */,
				B6D543EB2C7C090800C9D14C /* ContentSizeCategory.swift in Sources */,
				B6D543DD2C7BFE6500C9D14C /* OnboardingView.swift in Sources */,
				B6FE87842C7D8ABE000685E0 /* AppleSignInUtils.swift in Sources */,
				B6D543E12C7C01E700C9D14C /* AlignmentExtension.swift in Sources */,
				B66047112C80655500C8061F /* SignupSheet.swift in Sources */,
			);
			runOnlyForDeploymentPostprocessing = 0;
		};
/* End PBXSourcesBuildPhase section */

/* Begin XCBuildConfiguration section */
		B6D543C22C7BF96E00C9D14C /* Debug */ = {
			isa = XCBuildConfiguration;
			buildSettings = {
				ALWAYS_SEARCH_USER_PATHS = NO;
				ASSETCATALOG_COMPILER_GENERATE_SWIFT_ASSET_SYMBOL_EXTENSIONS = YES;
				CLANG_ANALYZER_NONNULL = YES;
				CLANG_ANALYZER_NUMBER_OBJECT_CONVERSION = YES_AGGRESSIVE;
				CLANG_CXX_LANGUAGE_STANDARD = "gnu++20";
				CLANG_ENABLE_MODULES = YES;
				CLANG_ENABLE_OBJC_ARC = YES;
				CLANG_ENABLE_OBJC_WEAK = YES;
				CLANG_WARN_BLOCK_CAPTURE_AUTORELEASING = YES;
				CLANG_WARN_BOOL_CONVERSION = YES;
				CLANG_WARN_COMMA = YES;
				CLANG_WARN_CONSTANT_CONVERSION = YES;
				CLANG_WARN_DEPRECATED_OBJC_IMPLEMENTATIONS = YES;
				CLANG_WARN_DIRECT_OBJC_ISA_USAGE = YES_ERROR;
				CLANG_WARN_DOCUMENTATION_COMMENTS = YES;
				CLANG_WARN_EMPTY_BODY = YES;
				CLANG_WARN_ENUM_CONVERSION = YES;
				CLANG_WARN_INFINITE_RECURSION = YES;
				CLANG_WARN_INT_CONVERSION = YES;
				CLANG_WARN_NON_LITERAL_NULL_CONVERSION = YES;
				CLANG_WARN_OBJC_IMPLICIT_RETAIN_SELF = YES;
				CLANG_WARN_OBJC_LITERAL_CONVERSION = YES;
				CLANG_WARN_OBJC_ROOT_CLASS = YES_ERROR;
				CLANG_WARN_QUOTED_INCLUDE_IN_FRAMEWORK_HEADER = YES;
				CLANG_WARN_RANGE_LOOP_ANALYSIS = YES;
				CLANG_WARN_STRICT_PROTOTYPES = YES;
				CLANG_WARN_SUSPICIOUS_MOVE = YES;
				CLANG_WARN_UNGUARDED_AVAILABILITY = YES_AGGRESSIVE;
				CLANG_WARN_UNREACHABLE_CODE = YES;
				CLANG_WARN__DUPLICATE_METHOD_MATCH = YES;
				COPY_PHASE_STRIP = NO;
				DEBUG_INFORMATION_FORMAT = dwarf;
				ENABLE_STRICT_OBJC_MSGSEND = YES;
				ENABLE_TESTABILITY = YES;
				ENABLE_USER_SCRIPT_SANDBOXING = YES;
				GCC_C_LANGUAGE_STANDARD = gnu17;
				GCC_DYNAMIC_NO_PIC = NO;
				GCC_NO_COMMON_BLOCKS = YES;
				GCC_OPTIMIZATION_LEVEL = 0;
				GCC_PREPROCESSOR_DEFINITIONS = (
					"DEBUG=1",
					"$(inherited)",
				);
				GCC_WARN_64_TO_32_BIT_CONVERSION = YES;
				GCC_WARN_ABOUT_RETURN_TYPE = YES_ERROR;
				GCC_WARN_UNDECLARED_SELECTOR = YES;
				GCC_WARN_UNINITIALIZED_AUTOS = YES_AGGRESSIVE;
				GCC_WARN_UNUSED_FUNCTION = YES;
				GCC_WARN_UNUSED_VARIABLE = YES;
				IPHONEOS_DEPLOYMENT_TARGET = 17.5;
				LOCALIZATION_PREFERS_STRING_CATALOGS = YES;
				MTL_ENABLE_DEBUG_INFO = INCLUDE_SOURCE;
				MTL_FAST_MATH = YES;
				ONLY_ACTIVE_ARCH = YES;
				SDKROOT = iphoneos;
				SWIFT_ACTIVE_COMPILATION_CONDITIONS = "DEBUG $(inherited)";
				SWIFT_OPTIMIZATION_LEVEL = "-Onone";
			};
			name = Debug;
		};
		B6D543C32C7BF96E00C9D14C /* Release */ = {
			isa = XCBuildConfiguration;
			buildSettings = {
				ALWAYS_SEARCH_USER_PATHS = NO;
				ASSETCATALOG_COMPILER_GENERATE_SWIFT_ASSET_SYMBOL_EXTENSIONS = YES;
				CLANG_ANALYZER_NONNULL = YES;
				CLANG_ANALYZER_NUMBER_OBJECT_CONVERSION = YES_AGGRESSIVE;
				CLANG_CXX_LANGUAGE_STANDARD = "gnu++20";
				CLANG_ENABLE_MODULES = YES;
				CLANG_ENABLE_OBJC_ARC = YES;
				CLANG_ENABLE_OBJC_WEAK = YES;
				CLANG_WARN_BLOCK_CAPTURE_AUTORELEASING = YES;
				CLANG_WARN_BOOL_CONVERSION = YES;
				CLANG_WARN_COMMA = YES;
				CLANG_WARN_CONSTANT_CONVERSION = YES;
				CLANG_WARN_DEPRECATED_OBJC_IMPLEMENTATIONS = YES;
				CLANG_WARN_DIRECT_OBJC_ISA_USAGE = YES_ERROR;
				CLANG_WARN_DOCUMENTATION_COMMENTS = YES;
				CLANG_WARN_EMPTY_BODY = YES;
				CLANG_WARN_ENUM_CONVERSION = YES;
				CLANG_WARN_INFINITE_RECURSION = YES;
				CLANG_WARN_INT_CONVERSION = YES;
				CLANG_WARN_NON_LITERAL_NULL_CONVERSION = YES;
				CLANG_WARN_OBJC_IMPLICIT_RETAIN_SELF = YES;
				CLANG_WARN_OBJC_LITERAL_CONVERSION = YES;
				CLANG_WARN_OBJC_ROOT_CLASS = YES_ERROR;
				CLANG_WARN_QUOTED_INCLUDE_IN_FRAMEWORK_HEADER = YES;
				CLANG_WARN_RANGE_LOOP_ANALYSIS = YES;
				CLANG_WARN_STRICT_PROTOTYPES = YES;
				CLANG_WARN_SUSPICIOUS_MOVE = YES;
				CLANG_WARN_UNGUARDED_AVAILABILITY = YES_AGGRESSIVE;
				CLANG_WARN_UNREACHABLE_CODE = YES;
				CLANG_WARN__DUPLICATE_METHOD_MATCH = YES;
				COPY_PHASE_STRIP = NO;
				DEBUG_INFORMATION_FORMAT = "dwarf-with-dsym";
				ENABLE_NS_ASSERTIONS = NO;
				ENABLE_STRICT_OBJC_MSGSEND = YES;
				ENABLE_USER_SCRIPT_SANDBOXING = YES;
				GCC_C_LANGUAGE_STANDARD = gnu17;
				GCC_NO_COMMON_BLOCKS = YES;
				GCC_WARN_64_TO_32_BIT_CONVERSION = YES;
				GCC_WARN_ABOUT_RETURN_TYPE = YES_ERROR;
				GCC_WARN_UNDECLARED_SELECTOR = YES;
				GCC_WARN_UNINITIALIZED_AUTOS = YES_AGGRESSIVE;
				GCC_WARN_UNUSED_FUNCTION = YES;
				GCC_WARN_UNUSED_VARIABLE = YES;
				IPHONEOS_DEPLOYMENT_TARGET = 17.5;
				LOCALIZATION_PREFERS_STRING_CATALOGS = YES;
				MTL_ENABLE_DEBUG_INFO = NO;
				MTL_FAST_MATH = YES;
				SDKROOT = iphoneos;
				SWIFT_COMPILATION_MODE = wholemodule;
				VALIDATE_PRODUCT = YES;
			};
			name = Release;
		};
		B6D543C52C7BF96E00C9D14C /* Debug */ = {
			isa = XCBuildConfiguration;
			baseConfigurationReferenceAnchor = B6D3044A2C7D38F00018C1FF /* Config */;
			baseConfigurationReferenceRelativePath = EnvConfig.xcconfig;
			buildSettings = {
				ASSETCATALOG_COMPILER_APPICON_NAME = AppIcon;
				ASSETCATALOG_COMPILER_GLOBAL_ACCENT_COLOR_NAME = AccentColor;
				CODE_SIGN_ENTITLEMENTS = Stealth/Stealth.entitlements;
				CODE_SIGN_STYLE = Automatic;
				CURRENT_PROJECT_VERSION = 1;
				DEVELOPMENT_ASSET_PATHS = "\"Stealth/Preview Content\"";
				DEVELOPMENT_TEAM = 54A43ZB7KT;
				ENABLE_PREVIEWS = YES;
				GENERATE_INFOPLIST_FILE = YES;
				INFOPLIST_FILE = Stealth/Info.plist;
				INFOPLIST_KEY_LSApplicationCategoryType = "public.app-category.utilities";
				INFOPLIST_KEY_UIApplicationSceneManifest_Generation = YES;
				INFOPLIST_KEY_UIApplicationSupportsIndirectInputEvents = YES;
				INFOPLIST_KEY_UILaunchScreen_Generation = YES;
				INFOPLIST_KEY_UIStatusBarStyle = UIStatusBarStyleLightContent;
				INFOPLIST_KEY_UISupportedInterfaceOrientations = UIInterfaceOrientationPortrait;
				LD_RUNPATH_SEARCH_PATHS = (
					"$(inherited)",
					"@executable_path/Frameworks",
				);
				MARKETING_VERSION = 1.0;
				PRODUCT_BUNDLE_IDENTIFIER = com.rohitmanivel.Stealth;
				PRODUCT_NAME = "$(TARGET_NAME)";
				SUPABASE_URL = "\"https://uvnclhfhccqtipmrvlxb.supabase.co\"";
				SUPPORTED_PLATFORMS = "iphoneos iphonesimulator";
				SUPPORTS_MACCATALYST = NO;
				SUPPORTS_MAC_DESIGNED_FOR_IPHONE_IPAD = NO;
				SUPPORTS_XR_DESIGNED_FOR_IPHONE_IPAD = NO;
				SWIFT_EMIT_LOC_STRINGS = YES;
				SWIFT_VERSION = 5.0;
				TARGETED_DEVICE_FAMILY = 1;
			};
			name = Debug;
		};
		B6D543C62C7BF96E00C9D14C /* Release */ = {
			isa = XCBuildConfiguration;
			baseConfigurationReferenceAnchor = B6D3044A2C7D38F00018C1FF /* Config */;
			baseConfigurationReferenceRelativePath = EnvConfig.xcconfig;
			buildSettings = {
				ASSETCATALOG_COMPILER_APPICON_NAME = AppIcon;
				ASSETCATALOG_COMPILER_GLOBAL_ACCENT_COLOR_NAME = AccentColor;
				CODE_SIGN_ENTITLEMENTS = Stealth/Stealth.entitlements;
				CODE_SIGN_STYLE = Automatic;
				CURRENT_PROJECT_VERSION = 1;
				DEVELOPMENT_ASSET_PATHS = "\"Stealth/Preview Content\"";
				DEVELOPMENT_TEAM = 54A43ZB7KT;
				ENABLE_PREVIEWS = YES;
				GENERATE_INFOPLIST_FILE = YES;
				INFOPLIST_FILE = Stealth/Info.plist;
				INFOPLIST_KEY_LSApplicationCategoryType = "public.app-category.utilities";
				INFOPLIST_KEY_UIApplicationSceneManifest_Generation = YES;
				INFOPLIST_KEY_UIApplicationSupportsIndirectInputEvents = YES;
				INFOPLIST_KEY_UILaunchScreen_Generation = YES;
				INFOPLIST_KEY_UIStatusBarStyle = UIStatusBarStyleLightContent;
				INFOPLIST_KEY_UISupportedInterfaceOrientations = UIInterfaceOrientationPortrait;
				LD_RUNPATH_SEARCH_PATHS = (
					"$(inherited)",
					"@executable_path/Frameworks",
				);
				MARKETING_VERSION = 1.0;
				PRODUCT_BUNDLE_IDENTIFIER = com.rohitmanivel.Stealth;
				PRODUCT_NAME = "$(TARGET_NAME)";
				SUPABASE_URL = "\"https://uvnclhfhccqtipmrvlxb.supabase.co\"";
				SUPPORTED_PLATFORMS = "iphoneos iphonesimulator";
				SUPPORTS_MACCATALYST = NO;
				SUPPORTS_MAC_DESIGNED_FOR_IPHONE_IPAD = NO;
				SUPPORTS_XR_DESIGNED_FOR_IPHONE_IPAD = NO;
				SWIFT_EMIT_LOC_STRINGS = YES;
				SWIFT_VERSION = 5.0;
				TARGETED_DEVICE_FAMILY = 1;
			};
			name = Release;
		};
/* End XCBuildConfiguration section */

/* Begin XCConfigurationList section */
		B6D543B12C7BF96E00C9D14C /* Build configuration list for PBXProject "Stealth" */ = {
			isa = XCConfigurationList;
			buildConfigurations = (
				B6D543C22C7BF96E00C9D14C /* Debug */,
				B6D543C32C7BF96E00C9D14C /* Release */,
			);
			defaultConfigurationIsVisible = 0;
			defaultConfigurationName = Debug;
		};
		B6D543C42C7BF96E00C9D14C /* Build configuration list for PBXNativeTarget "Stealth" */ = {
			isa = XCConfigurationList;
			buildConfigurations = (
				B6D543C52C7BF96E00C9D14C /* Debug */,
				B6D543C62C7BF96E00C9D14C /* Release */,
			);
			defaultConfigurationIsVisible = 0;
			defaultConfigurationName = Debug;
		};
/* End XCConfigurationList section */

/* Begin XCRemoteSwiftPackageReference section */
		B6D3043B2C7D33000018C1FF /* XCRemoteSwiftPackageReference "supabase-swift" */ = {
			isa = XCRemoteSwiftPackageReference;
			repositoryURL = "https://github.com/supabase/supabase-swift";
			requirement = {
				kind = upToNextMajorVersion;
				minimumVersion = 2.5.1;
			};
		};
		B6DF18982C854C8100741B53 /* XCRemoteSwiftPackageReference "GoogleSignIn-iOS" */ = {
			isa = XCRemoteSwiftPackageReference;
			repositoryURL = "https://github.com/google/GoogleSignIn-iOS";
			requirement = {
				kind = upToNextMajorVersion;
				minimumVersion = 8.0.0;
			};
		};
/* End XCRemoteSwiftPackageReference section */

/* Begin XCSwiftPackageProductDependency section */
		B6D3043C2C7D33000018C1FF /* Auth */ = {
			isa = XCSwiftPackageProductDependency;
			package = B6D3043B2C7D33000018C1FF /* XCRemoteSwiftPackageReference "supabase-swift" */;
			productName = Auth;
		};
		B6D3043E2C7D33000018C1FF /* PostgREST */ = {
			isa = XCSwiftPackageProductDependency;
			package = B6D3043B2C7D33000018C1FF /* XCRemoteSwiftPackageReference "supabase-swift" */;
			productName = PostgREST;
		};
		B6D304402C7D33000018C1FF /* Realtime */ = {
			isa = XCSwiftPackageProductDependency;
			package = B6D3043B2C7D33000018C1FF /* XCRemoteSwiftPackageReference "supabase-swift" */;
			productName = Realtime;
		};
		B6D304422C7D33000018C1FF /* Storage */ = {
			isa = XCSwiftPackageProductDependency;
			package = B6D3043B2C7D33000018C1FF /* XCRemoteSwiftPackageReference "supabase-swift" */;
			productName = Storage;
		};
		B6D3044F2C7D3C8B0018C1FF /* Auth */ = {
			isa = XCSwiftPackageProductDependency;
			package = B6D3043B2C7D33000018C1FF /* XCRemoteSwiftPackageReference "supabase-swift" */;
			productName = Auth;
		};
		B6D304512C7D3C8B0018C1FF /* Functions */ = {
			isa = XCSwiftPackageProductDependency;
			package = B6D3043B2C7D33000018C1FF /* XCRemoteSwiftPackageReference "supabase-swift" */;
			productName = Functions;
		};
		B6D304532C7D3C8B0018C1FF /* PostgREST */ = {
			isa = XCSwiftPackageProductDependency;
			package = B6D3043B2C7D33000018C1FF /* XCRemoteSwiftPackageReference "supabase-swift" */;
			productName = PostgREST;
		};
		B6D304552C7D3C8B0018C1FF /* Realtime */ = {
			isa = XCSwiftPackageProductDependency;
			package = B6D3043B2C7D33000018C1FF /* XCRemoteSwiftPackageReference "supabase-swift" */;
			productName = Realtime;
		};
		B6D304572C7D3C8B0018C1FF /* Storage */ = {
			isa = XCSwiftPackageProductDependency;
			package = B6D3043B2C7D33000018C1FF /* XCRemoteSwiftPackageReference "supabase-swift" */;
			productName = Storage;
		};
		B6D3045A2C7D3CBF0018C1FF /* Supabase */ = {
			isa = XCSwiftPackageProductDependency;
			package = B6D3043B2C7D33000018C1FF /* XCRemoteSwiftPackageReference "supabase-swift" */;
			productName = Supabase;
		};
		B6DF18992C854C8100741B53 /* GoogleSignIn */ = {
			isa = XCSwiftPackageProductDependency;
			package = B6DF18982C854C8100741B53 /* XCRemoteSwiftPackageReference "GoogleSignIn-iOS" */;
			productName = GoogleSignIn;
		};
		B6DF189B2C854C8100741B53 /* GoogleSignInSwift */ = {
			isa = XCSwiftPackageProductDependency;
			package = B6DF18982C854C8100741B53 /* XCRemoteSwiftPackageReference "GoogleSignIn-iOS" */;
			productName = GoogleSignInSwift;
		};
/* End XCSwiftPackageProductDependency section */
	};
	rootObject = B6D543AE2C7BF96E00C9D14C /* Project object */;
}
